// !$*UTF8*$!
{
	archiveVersion = 1;
	classes = {
	};
	objectVersion = 46;
	objects = {

/* Begin PBXBuildFile section */
		682506EB9EB84443BED361A3 /* libPods-OCJiraFeedbackTests.a in Frameworks */ = {isa = PBXBuildFile; fileRef = FD6E5E331F144C458CA8326F /* libPods-OCJiraFeedbackTests.a */; };
		C5E99CC616B94AD28EF17389 /* libPods-OCJiraFeedback.a in Frameworks */ = {isa = PBXBuildFile; fileRef = B80D5364BFE04CFFBB651A96 /* libPods-OCJiraFeedback.a */; };
		CC09E7F318AE95FC00714B92 /* Foundation.framework in Frameworks */ = {isa = PBXBuildFile; fileRef = CC09E7F218AE95FC00714B92 /* Foundation.framework */; };
		CC09E80118AE95FC00714B92 /* XCTest.framework in Frameworks */ = {isa = PBXBuildFile; fileRef = CC09E80018AE95FC00714B92 /* XCTest.framework */; };
		CC09E80218AE95FC00714B92 /* Foundation.framework in Frameworks */ = {isa = PBXBuildFile; fileRef = CC09E7F218AE95FC00714B92 /* Foundation.framework */; };
		CC09E80418AE95FC00714B92 /* UIKit.framework in Frameworks */ = {isa = PBXBuildFile; fileRef = CC09E80318AE95FC00714B92 /* UIKit.framework */; };
		CC09E80718AE95FC00714B92 /* libOCJiraFeedback.a in Frameworks */ = {isa = PBXBuildFile; fileRef = CC09E7EF18AE95FC00714B92 /* libOCJiraFeedback.a */; };
		CC0EC5F118B563E300593C03 /* OCConnectionManager.m in Sources */ = {isa = PBXBuildFile; fileRef = CC0EC5EE18B563E300593C03 /* OCConnectionManager.m */; };
		CC0EC5F218B563E300593C03 /* OCJiraIssue.m in Sources */ = {isa = PBXBuildFile; fileRef = CC0EC5F018B563E300593C03 /* OCJiraIssue.m */; };
		CC0EC5F518B563FA00593C03 /* OCJiraFeedback.m in Sources */ = {isa = PBXBuildFile; fileRef = CC0EC5F418B563FA00593C03 /* OCJiraFeedback.m */; };
		CC0EC60418B564FD00593C03 /* Instance.plist in Resources */ = {isa = PBXBuildFile; fileRef = CC0EC5FE18B564FD00593C03 /* Instance.plist */; };
		CC0EC60518B564FD00593C03 /* OCConnectionManagerTests.m in Sources */ = {isa = PBXBuildFile; fileRef = CC0EC5FF18B564FD00593C03 /* OCConnectionManagerTests.m */; };
		CC0EC60618B564FD00593C03 /* OCJiraIssueTests.m in Sources */ = {isa = PBXBuildFile; fileRef = CC0EC60018B564FD00593C03 /* OCJiraIssueTests.m */; };
		CC0EC60818B564FD00593C03 /* OCJiraFeedbackTests.m in Sources */ = {isa = PBXBuildFile; fileRef = CC0EC60218B564FD00593C03 /* OCJiraFeedbackTests.m */; };
		CC0EC60B18B5651600593C03 /* InfoPlist.strings in Resources */ = {isa = PBXBuildFile; fileRef = CC0EC60918B5651600593C03 /* InfoPlist.strings */; };
		CC5F0C8A18D8C8DA0052980A /* UIImage+OCJiraFeedback.m in Sources */ = {isa = PBXBuildFile; fileRef = CC5F0C8918D8C8DA0052980A /* UIImage+OCJiraFeedback.m */; };
		CC5F0C8C18D8C9DE0052980A /* UIImage+OCJiraFeedbackTests.m in Sources */ = {isa = PBXBuildFile; fileRef = CC5F0C8B18D8C9DE0052980A /* UIImage+OCJiraFeedbackTests.m */; };
		CC87494618E6EAA80096545E /* OCRequest.m in Sources */ = {isa = PBXBuildFile; fileRef = CC87494518E6EAA80096545E /* OCRequest.m */; };
		CC87494818E6EDCC0096545E /* OCRequestTests.m in Sources */ = {isa = PBXBuildFile; fileRef = CC87494718E6EDCC0096545E /* OCRequestTests.m */; };
/* End PBXBuildFile section */

/* Begin PBXContainerItemProxy section */
		CC09E80518AE95FC00714B92 /* PBXContainerItemProxy */ = {
			isa = PBXContainerItemProxy;
			containerPortal = CC09E7E718AE95FC00714B92 /* Project object */;
			proxyType = 1;
			remoteGlobalIDString = CC09E7EE18AE95FC00714B92;
			remoteInfo = OCJiraFeedback;
		};
/* End PBXContainerItemProxy section */

/* Begin PBXCopyFilesBuildPhase section */
		CC09E7ED18AE95FC00714B92 /* CopyFiles */ = {
			isa = PBXCopyFilesBuildPhase;
			buildActionMask = 2147483647;
			dstPath = "include/$(PRODUCT_NAME)";
			dstSubfolderSpec = 16;
			files = (
			);
			runOnlyForDeploymentPostprocessing = 0;
		};
/* End PBXCopyFilesBuildPhase section */

/* Begin PBXFileReference section */
		B80D5364BFE04CFFBB651A96 /* libPods-OCJiraFeedback.a */ = {isa = PBXFileReference; explicitFileType = archive.ar; includeInIndex = 0; path = "libPods-OCJiraFeedback.a"; sourceTree = BUILT_PRODUCTS_DIR; };
		CC09E7EF18AE95FC00714B92 /* libOCJiraFeedback.a */ = {isa = PBXFileReference; explicitFileType = archive.ar; includeInIndex = 0; path = libOCJiraFeedback.a; sourceTree = BUILT_PRODUCTS_DIR; };
		CC09E7F218AE95FC00714B92 /* Foundation.framework */ = {isa = PBXFileReference; lastKnownFileType = wrapper.framework; name = Foundation.framework; path = System/Library/Frameworks/Foundation.framework; sourceTree = SDKROOT; };
		CC09E7FF18AE95FC00714B92 /* OCJiraFeedbackTests.xctest */ = {isa = PBXFileReference; explicitFileType = wrapper.cfbundle; includeInIndex = 0; path = OCJiraFeedbackTests.xctest; sourceTree = BUILT_PRODUCTS_DIR; };
		CC09E80018AE95FC00714B92 /* XCTest.framework */ = {isa = PBXFileReference; lastKnownFileType = wrapper.framework; name = XCTest.framework; path = Library/Frameworks/XCTest.framework; sourceTree = DEVELOPER_DIR; };
		CC09E80318AE95FC00714B92 /* UIKit.framework */ = {isa = PBXFileReference; lastKnownFileType = wrapper.framework; name = UIKit.framework; path = Library/Frameworks/UIKit.framework; sourceTree = DEVELOPER_DIR; };
		CC0EC5ED18B563E300593C03 /* OCConnectionManager.h */ = {isa = PBXFileReference; fileEncoding = 4; lastKnownFileType = sourcecode.c.h; name = OCConnectionManager.h; path = Classes/OCConnectionManager.h; sourceTree = SOURCE_ROOT; };
		CC0EC5EE18B563E300593C03 /* OCConnectionManager.m */ = {isa = PBXFileReference; fileEncoding = 4; lastKnownFileType = sourcecode.c.objc; name = OCConnectionManager.m; path = Classes/OCConnectionManager.m; sourceTree = SOURCE_ROOT; };
		CC0EC5EF18B563E300593C03 /* OCJiraIssue.h */ = {isa = PBXFileReference; fileEncoding = 4; lastKnownFileType = sourcecode.c.h; name = OCJiraIssue.h; path = Classes/OCJiraIssue.h; sourceTree = SOURCE_ROOT; };
		CC0EC5F018B563E300593C03 /* OCJiraIssue.m */ = {isa = PBXFileReference; fileEncoding = 4; lastKnownFileType = sourcecode.c.objc; name = OCJiraIssue.m; path = Classes/OCJiraIssue.m; sourceTree = SOURCE_ROOT; };
		CC0EC5F318B563FA00593C03 /* OCJiraFeedback.h */ = {isa = PBXFileReference; fileEncoding = 4; lastKnownFileType = sourcecode.c.h; name = OCJiraFeedback.h; path = Classes/OCJiraFeedback.h; sourceTree = SOURCE_ROOT; };
		CC0EC5F418B563FA00593C03 /* OCJiraFeedback.m */ = {isa = PBXFileReference; fileEncoding = 4; lastKnownFileType = sourcecode.c.objc; name = OCJiraFeedback.m; path = Classes/OCJiraFeedback.m; sourceTree = SOURCE_ROOT; };
		CC0EC5F618B5642500593C03 /* LICENSE */ = {isa = PBXFileReference; lastKnownFileType = text; path = LICENSE; sourceTree = SOURCE_ROOT; };
		CC0EC5F718B5642500593C03 /* OCJiraFeedback.podspec */ = {isa = PBXFileReference; lastKnownFileType = text; path = OCJiraFeedback.podspec; sourceTree = SOURCE_ROOT; };
		CC0EC5F818B5642500593C03 /* README.md */ = {isa = PBXFileReference; lastKnownFileType = text; path = README.md; sourceTree = SOURCE_ROOT; };
		CC0EC5F918B5642500593C03 /* Instance.plist.distribution */ = {isa = PBXFileReference; lastKnownFileType = text.xml; name = Instance.plist.distribution; path = Resources/Instance.plist.distribution; sourceTree = SOURCE_ROOT; };
		CC0EC5FA18B5642500593C03 /* OCJiraFeedback-Prefix.pch */ = {isa = PBXFileReference; lastKnownFileType = sourcecode.c.h; name = "OCJiraFeedback-Prefix.pch"; path = "Resources/OCJiraFeedback-Prefix.pch"; sourceTree = SOURCE_ROOT; };
		CC0EC5FE18B564FD00593C03 /* Instance.plist */ = {isa = PBXFileReference; fileEncoding = 4; lastKnownFileType = text.plist.xml; name = Instance.plist; path = Tests/Instance.plist; sourceTree = SOURCE_ROOT; };
		CC0EC5FF18B564FD00593C03 /* OCConnectionManagerTests.m */ = {isa = PBXFileReference; fileEncoding = 4; lastKnownFileType = sourcecode.c.objc; name = OCConnectionManagerTests.m; path = Tests/Model/OCConnectionManagerTests.m; sourceTree = SOURCE_ROOT; };
		CC0EC60018B564FD00593C03 /* OCJiraIssueTests.m */ = {isa = PBXFileReference; fileEncoding = 4; lastKnownFileType = sourcecode.c.objc; name = OCJiraIssueTests.m; path = Tests/Model/OCJiraIssueTests.m; sourceTree = SOURCE_ROOT; };
		CC0EC60118B564FD00593C03 /* OCJiraFeedbackTests-Info.plist */ = {isa = PBXFileReference; fileEncoding = 4; lastKnownFileType = text.plist.xml; name = "OCJiraFeedbackTests-Info.plist"; path = "Tests/OCJiraFeedbackTests-Info.plist"; sourceTree = SOURCE_ROOT; };
		CC0EC60218B564FD00593C03 /* OCJiraFeedbackTests.m */ = {isa = PBXFileReference; fileEncoding = 4; lastKnownFileType = sourcecode.c.objc; name = OCJiraFeedbackTests.m; path = Tests/OCJiraFeedbackTests.m; sourceTree = SOURCE_ROOT; };
		CC0EC60A18B5651600593C03 /* en */ = {isa = PBXFileReference; lastKnownFileType = text.plist.strings; name = en; path = Tests/en.lproj/InfoPlist.strings; sourceTree = SOURCE_ROOT; };
		CC5F0C8818D8C8DA0052980A /* UIImage+OCJiraFeedback.h */ = {isa = PBXFileReference; fileEncoding = 4; lastKnownFileType = sourcecode.c.h; name = "UIImage+OCJiraFeedback.h"; path = "Classes/UIImage+OCJiraFeedback.h"; sourceTree = SOURCE_ROOT; };
		CC5F0C8918D8C8DA0052980A /* UIImage+OCJiraFeedback.m */ = {isa = PBXFileReference; fileEncoding = 4; lastKnownFileType = sourcecode.c.objc; name = "UIImage+OCJiraFeedback.m"; path = "Classes/UIImage+OCJiraFeedback.m"; sourceTree = SOURCE_ROOT; };
		CC5F0C8B18D8C9DE0052980A /* UIImage+OCJiraFeedbackTests.m */ = {isa = PBXFileReference; fileEncoding = 4; lastKnownFileType = sourcecode.c.objc; name = "UIImage+OCJiraFeedbackTests.m"; path = "Tests/UIImage+OCJiraFeedbackTests.m"; sourceTree = SOURCE_ROOT; };
		CC87494418E6EAA80096545E /* OCRequest.h */ = {isa = PBXFileReference; fileEncoding = 4; lastKnownFileType = sourcecode.c.h; name = OCRequest.h; path = Classes/OCRequest.h; sourceTree = SOURCE_ROOT; };
		CC87494518E6EAA80096545E /* OCRequest.m */ = {isa = PBXFileReference; fileEncoding = 4; lastKnownFileType = sourcecode.c.objc; name = OCRequest.m; path = Classes/OCRequest.m; sourceTree = SOURCE_ROOT; };
		CC87494718E6EDCC0096545E /* OCRequestTests.m */ = {isa = PBXFileReference; fileEncoding = 4; lastKnownFileType = sourcecode.c.objc; name = OCRequestTests.m; path = Tests/Model/OCRequestTests.m; sourceTree = SOURCE_ROOT; };
		D3926BF3D9314B25A0D67066 /* Pods-OCJiraFeedback.xcconfig */ = {isa = PBXFileReference; includeInIndex = 1; lastKnownFileType = text.xcconfig; name = "Pods-OCJiraFeedback.xcconfig"; path = "Pods/Pods-OCJiraFeedback.xcconfig"; sourceTree = "<group>"; };
		E2374EFF6DDF4C4AAF51E226 /* Pods-OCJiraFeedbackTests.xcconfig */ = {isa = PBXFileReference; includeInIndex = 1; lastKnownFileType = text.xcconfig; name = "Pods-OCJiraFeedbackTests.xcconfig"; path = "Pods/Pods-OCJiraFeedbackTests.xcconfig"; sourceTree = "<group>"; };
		FD6E5E331F144C458CA8326F /* libPods-OCJiraFeedbackTests.a */ = {isa = PBXFileReference; explicitFileType = archive.ar; includeInIndex = 0; path = "libPods-OCJiraFeedbackTests.a"; sourceTree = BUILT_PRODUCTS_DIR; };
/* End PBXFileReference section */

/* Begin PBXFrameworksBuildPhase section */
		CC09E7EC18AE95FC00714B92 /* Frameworks */ = {
			isa = PBXFrameworksBuildPhase;
			buildActionMask = 2147483647;
			files = (
				CC09E7F318AE95FC00714B92 /* Foundation.framework in Frameworks */,
				C5E99CC616B94AD28EF17389 /* libPods-OCJiraFeedback.a in Frameworks */,
			);
			runOnlyForDeploymentPostprocessing = 0;
		};
		CC09E7FC18AE95FC00714B92 /* Frameworks */ = {
			isa = PBXFrameworksBuildPhase;
			buildActionMask = 2147483647;
			files = (
				CC09E80118AE95FC00714B92 /* XCTest.framework in Frameworks */,
				CC09E80418AE95FC00714B92 /* UIKit.framework in Frameworks */,
				CC09E80718AE95FC00714B92 /* libOCJiraFeedback.a in Frameworks */,
				CC09E80218AE95FC00714B92 /* Foundation.framework in Frameworks */,
				682506EB9EB84443BED361A3 /* libPods-OCJiraFeedbackTests.a in Frameworks */,
			);
			runOnlyForDeploymentPostprocessing = 0;
		};
/* End PBXFrameworksBuildPhase section */

/* Begin PBXGroup section */
		CC09E7E618AE95FC00714B92 = {
			isa = PBXGroup;
			children = (
				CC09E7F418AE95FC00714B92 /* Classes */,
				CC09E80818AE95FC00714B92 /* Tests */,
				CC09E7F118AE95FC00714B92 /* Frameworks */,
				CC09E7F018AE95FC00714B92 /* Products */,
				D3926BF3D9314B25A0D67066 /* Pods-OCJiraFeedback.xcconfig */,
				E2374EFF6DDF4C4AAF51E226 /* Pods-OCJiraFeedbackTests.xcconfig */,
			);
			sourceTree = "<group>";
		};
		CC09E7F018AE95FC00714B92 /* Products */ = {
			isa = PBXGroup;
			children = (
				CC09E7EF18AE95FC00714B92 /* libOCJiraFeedback.a */,
				CC09E7FF18AE95FC00714B92 /* OCJiraFeedbackTests.xctest */,
			);
			name = Products;
			sourceTree = "<group>";
		};
		CC09E7F118AE95FC00714B92 /* Frameworks */ = {
			isa = PBXGroup;
			children = (
				CC09E7F218AE95FC00714B92 /* Foundation.framework */,
				CC09E80018AE95FC00714B92 /* XCTest.framework */,
				CC09E80318AE95FC00714B92 /* UIKit.framework */,
				B80D5364BFE04CFFBB651A96 /* libPods-OCJiraFeedback.a */,
				FD6E5E331F144C458CA8326F /* libPods-OCJiraFeedbackTests.a */,
			);
			name = Frameworks;
			sourceTree = "<group>";
		};
		CC09E7F418AE95FC00714B92 /* Classes */ = {
			isa = PBXGroup;
			children = (
				CC0EC5F318B563FA00593C03 /* OCJiraFeedback.h */,
				CC0EC5F418B563FA00593C03 /* OCJiraFeedback.m */,
				CC0EC5EF18B563E300593C03 /* OCJiraIssue.h */,
				CC0EC5F018B563E300593C03 /* OCJiraIssue.m */,
				CC87494418E6EAA80096545E /* OCRequest.h */,
				CC87494518E6EAA80096545E /* OCRequest.m */,
				CC0EC5ED18B563E300593C03 /* OCConnectionManager.h */,
				CC0EC5EE18B563E300593C03 /* OCConnectionManager.m */,
				CC09E7F518AE95FC00714B92 /* Supporting Files */,
				CC5F0C8818D8C8DA0052980A /* UIImage+OCJiraFeedback.h */,
				CC5F0C8918D8C8DA0052980A /* UIImage+OCJiraFeedback.m */,
			);
			name = Classes;
			path = OCJiraFeedback;
			sourceTree = "<group>";
		};
		CC09E7F518AE95FC00714B92 /* Supporting Files */ = {
			isa = PBXGroup;
			children = (
				CC0EC5F618B5642500593C03 /* LICENSE */,
				CC0EC5F718B5642500593C03 /* OCJiraFeedback.podspec */,
				CC0EC5F818B5642500593C03 /* README.md */,
				CC0EC5F918B5642500593C03 /* Instance.plist.distribution */,
				CC0EC5FA18B5642500593C03 /* OCJiraFeedback-Prefix.pch */,
			);
			name = "Supporting Files";
			sourceTree = "<group>";
		};
		CC09E80818AE95FC00714B92 /* Tests */ = {
			isa = PBXGroup;
			children = (
				CC0EC60C18B5651F00593C03 /* Classes */,
				CC09E80918AE95FC00714B92 /* Supporting Files */,
			);
			name = Tests;
			path = OCJiraFeedbackTests;
			sourceTree = "<group>";
		};
		CC09E80918AE95FC00714B92 /* Supporting Files */ = {
			isa = PBXGroup;
			children = (
				CC0EC60918B5651600593C03 /* InfoPlist.strings */,
				CC0EC5FE18B564FD00593C03 /* Instance.plist */,
				CC0EC60118B564FD00593C03 /* OCJiraFeedbackTests-Info.plist */,
			);
			name = "Supporting Files";
			sourceTree = "<group>";
		};
		CC0EC60C18B5651F00593C03 /* Classes */ = {
			isa = PBXGroup;
			children = (
				CC0EC5FF18B564FD00593C03 /* OCConnectionManagerTests.m */,
				CC0EC60018B564FD00593C03 /* OCJiraIssueTests.m */,
				CC0EC60218B564FD00593C03 /* OCJiraFeedbackTests.m */,
				CC5F0C8B18D8C9DE0052980A /* UIImage+OCJiraFeedbackTests.m */,
				CC87494718E6EDCC0096545E /* OCRequestTests.m */,
			);
			name = Classes;
			sourceTree = "<group>";
		};
/* End PBXGroup section */

/* Begin PBXNativeTarget section */
		CC09E7EE18AE95FC00714B92 /* OCJiraFeedback */ = {
			isa = PBXNativeTarget;
			buildConfigurationList = CC09E81218AE95FC00714B92 /* Build configuration list for PBXNativeTarget "OCJiraFeedback" */;
			buildPhases = (
				0B4E7A0EC2F944A4920BEBF4 /* Check Pods Manifest.lock */,
				CC09E7EB18AE95FC00714B92 /* Sources */,
				CC09E7EC18AE95FC00714B92 /* Frameworks */,
				CC09E7ED18AE95FC00714B92 /* CopyFiles */,
				CF6DA66AAF1C4E08BA663CC1 /* Copy Pods Resources */,
			);
			buildRules = (
			);
			dependencies = (
			);
			name = OCJiraFeedback;
			productName = OCJiraFeedback;
			productReference = CC09E7EF18AE95FC00714B92 /* libOCJiraFeedback.a */;
			productType = "com.apple.product-type.library.static";
		};
		CC09E7FE18AE95FC00714B92 /* OCJiraFeedbackTests */ = {
			isa = PBXNativeTarget;
			buildConfigurationList = CC09E81518AE95FC00714B92 /* Build configuration list for PBXNativeTarget "OCJiraFeedbackTests" */;
			buildPhases = (
				6CED18E6A6BC492E9505959D /* Check Pods Manifest.lock */,
				CC09E7FB18AE95FC00714B92 /* Sources */,
				CC09E7FC18AE95FC00714B92 /* Frameworks */,
				CC09E7FD18AE95FC00714B92 /* Resources */,
				D3FC4E5E0F3B46189734234F /* Copy Pods Resources */,
			);
			buildRules = (
			);
			dependencies = (
				CC09E80618AE95FC00714B92 /* PBXTargetDependency */,
			);
			name = OCJiraFeedbackTests;
			productName = OCJiraFeedbackTests;
			productReference = CC09E7FF18AE95FC00714B92 /* OCJiraFeedbackTests.xctest */;
			productType = "com.apple.product-type.bundle.unit-test";
		};
/* End PBXNativeTarget section */

/* Begin PBXProject section */
		CC09E7E718AE95FC00714B92 /* Project object */ = {
			isa = PBXProject;
			attributes = {
				LastUpgradeCheck = 0500;
				ORGANIZATIONNAME = VictorBerga.com;
			};
			buildConfigurationList = CC09E7EA18AE95FC00714B92 /* Build configuration list for PBXProject "OCJiraFeedback" */;
			compatibilityVersion = "Xcode 3.2";
			developmentRegion = English;
			hasScannedForEncodings = 0;
			knownRegions = (
				en,
			);
			mainGroup = CC09E7E618AE95FC00714B92;
			productRefGroup = CC09E7F018AE95FC00714B92 /* Products */;
			projectDirPath = "";
			projectRoot = "";
			targets = (
				CC09E7EE18AE95FC00714B92 /* OCJiraFeedback */,
				CC09E7FE18AE95FC00714B92 /* OCJiraFeedbackTests */,
			);
		};
/* End PBXProject section */

/* Begin PBXResourcesBuildPhase section */
		CC09E7FD18AE95FC00714B92 /* Resources */ = {
			isa = PBXResourcesBuildPhase;
			buildActionMask = 2147483647;
			files = (
				CC0EC60418B564FD00593C03 /* Instance.plist in Resources */,
				CC0EC60B18B5651600593C03 /* InfoPlist.strings in Resources */,
			);
			runOnlyForDeploymentPostprocessing = 0;
		};
/* End PBXResourcesBuildPhase section */

/* Begin PBXShellScriptBuildPhase section */
		0B4E7A0EC2F944A4920BEBF4 /* Check Pods Manifest.lock */ = {
			isa = PBXShellScriptBuildPhase;
			buildActionMask = 2147483647;
			files = (
			);
			inputPaths = (
			);
			name = "Check Pods Manifest.lock";
			outputPaths = (
			);
			runOnlyForDeploymentPostprocessing = 0;
			shellPath = /bin/sh;
			shellScript = "diff \"${PODS_ROOT}/../Podfile.lock\" \"${PODS_ROOT}/Manifest.lock\" > /dev/null\nif [[ $? != 0 ]] ; then\n    cat << EOM\nerror: The sandbox is not in sync with the Podfile.lock. Run 'pod install' or update your CocoaPods installation.\nEOM\n    exit 1\nfi\n";
			showEnvVarsInLog = 0;
		};
		6CED18E6A6BC492E9505959D /* Check Pods Manifest.lock */ = {
			isa = PBXShellScriptBuildPhase;
			buildActionMask = 2147483647;
			files = (
			);
			inputPaths = (
			);
			name = "Check Pods Manifest.lock";
			outputPaths = (
			);
			runOnlyForDeploymentPostprocessing = 0;
			shellPath = /bin/sh;
			shellScript = "diff \"${PODS_ROOT}/../Podfile.lock\" \"${PODS_ROOT}/Manifest.lock\" > /dev/null\nif [[ $? != 0 ]] ; then\n    cat << EOM\nerror: The sandbox is not in sync with the Podfile.lock. Run 'pod install' or update your CocoaPods installation.\nEOM\n    exit 1\nfi\n";
			showEnvVarsInLog = 0;
		};
		CF6DA66AAF1C4E08BA663CC1 /* Copy Pods Resources */ = {
			isa = PBXShellScriptBuildPhase;
			buildActionMask = 2147483647;
			files = (
			);
			inputPaths = (
			);
			name = "Copy Pods Resources";
			outputPaths = (
			);
			runOnlyForDeploymentPostprocessing = 0;
			shellPath = /bin/sh;
			shellScript = "\"${SRCROOT}/Pods/Pods-OCJiraFeedback-resources.sh\"\n";
			showEnvVarsInLog = 0;
		};
		D3FC4E5E0F3B46189734234F /* Copy Pods Resources */ = {
			isa = PBXShellScriptBuildPhase;
			buildActionMask = 2147483647;
			files = (
			);
			inputPaths = (
			);
			name = "Copy Pods Resources";
			outputPaths = (
			);
			runOnlyForDeploymentPostprocessing = 0;
			shellPath = /bin/sh;
			shellScript = "\"${SRCROOT}/Pods/Pods-OCJiraFeedbackTests-resources.sh\"\n";
			showEnvVarsInLog = 0;
		};
/* End PBXShellScriptBuildPhase section */

/* Begin PBXSourcesBuildPhase section */
		CC09E7EB18AE95FC00714B92 /* Sources */ = {
			isa = PBXSourcesBuildPhase;
			buildActionMask = 2147483647;
			files = (
				CC5F0C8A18D8C8DA0052980A /* UIImage+OCJiraFeedback.m in Sources */,
				CC87494618E6EAA80096545E /* OCRequest.m in Sources */,
				CC0EC5F518B563FA00593C03 /* OCJiraFeedback.m in Sources */,
				CC0EC5F118B563E300593C03 /* OCConnectionManager.m in Sources */,
				CC0EC5F218B563E300593C03 /* OCJiraIssue.m in Sources */,
			);
			runOnlyForDeploymentPostprocessing = 0;
		};
		CC09E7FB18AE95FC00714B92 /* Sources */ = {
			isa = PBXSourcesBuildPhase;
			buildActionMask = 2147483647;
			files = (
				CC5F0C8C18D8C9DE0052980A /* UIImage+OCJiraFeedbackTests.m in Sources */,
				CC0EC60818B564FD00593C03 /* OCJiraFeedbackTests.m in Sources */,
				CC0EC60618B564FD00593C03 /* OCJiraIssueTests.m in Sources */,
				CC0EC60518B564FD00593C03 /* OCConnectionManagerTests.m in Sources */,
				CC87494818E6EDCC0096545E /* OCRequestTests.m in Sources */,
			);
			runOnlyForDeploymentPostprocessing = 0;
		};
/* End PBXSourcesBuildPhase section */

/* Begin PBXTargetDependency section */
		CC09E80618AE95FC00714B92 /* PBXTargetDependency */ = {
			isa = PBXTargetDependency;
			target = CC09E7EE18AE95FC00714B92 /* OCJiraFeedback */;
			targetProxy = CC09E80518AE95FC00714B92 /* PBXContainerItemProxy */;
		};
/* End PBXTargetDependency section */

/* Begin PBXVariantGroup section */
		CC0EC60918B5651600593C03 /* InfoPlist.strings */ = {
			isa = PBXVariantGroup;
			children = (
				CC0EC60A18B5651600593C03 /* en */,
			);
			name = InfoPlist.strings;
			sourceTree = "<group>";
		};
/* End PBXVariantGroup section */

/* Begin XCBuildConfiguration section */
		CC09E81018AE95FC00714B92 /* Debug */ = {
			isa = XCBuildConfiguration;
			buildSettings = {
				ALWAYS_SEARCH_USER_PATHS = NO;
				ARCHS = "$(ARCHS_STANDARD_INCLUDING_64_BIT)";
				CLANG_CXX_LANGUAGE_STANDARD = "gnu++0x";
				CLANG_CXX_LIBRARY = "libc++";
				CLANG_ENABLE_MODULES = YES;
				CLANG_ENABLE_OBJC_ARC = YES;
				CLANG_WARN_BOOL_CONVERSION = YES;
				CLANG_WARN_CONSTANT_CONVERSION = YES;
				CLANG_WARN_DIRECT_OBJC_ISA_USAGE = YES_ERROR;
				CLANG_WARN_EMPTY_BODY = YES;
				CLANG_WARN_ENUM_CONVERSION = YES;
				CLANG_WARN_INT_CONVERSION = YES;
				CLANG_WARN_OBJC_ROOT_CLASS = YES_ERROR;
				CLANG_WARN__DUPLICATE_METHOD_MATCH = YES;
				COPY_PHASE_STRIP = NO;
				GCC_C_LANGUAGE_STANDARD = gnu99;
				GCC_DYNAMIC_NO_PIC = NO;
				GCC_OPTIMIZATION_LEVEL = 0;
				GCC_PREPROCESSOR_DEFINITIONS = (
					"DEBUG=1",
					"$(inherited)",
				);
				GCC_SYMBOLS_PRIVATE_EXTERN = NO;
				GCC_WARN_64_TO_32_BIT_CONVERSION = YES;
				GCC_WARN_ABOUT_RETURN_TYPE = YES_ERROR;
				GCC_WARN_UNDECLARED_SELECTOR = YES;
				GCC_WARN_UNINITIALIZED_AUTOS = YES;
				GCC_WARN_UNUSED_FUNCTION = YES;
				GCC_WARN_UNUSED_VARIABLE = YES;
				IPHONEOS_DEPLOYMENT_TARGET = 7.0;
				ONLY_ACTIVE_ARCH = YES;
				SDKROOT = iphoneos;
			};
			name = Debug;
		};
		CC09E81118AE95FC00714B92 /* Release */ = {
			isa = XCBuildConfiguration;
			buildSettings = {
				ALWAYS_SEARCH_USER_PATHS = NO;
				ARCHS = "$(ARCHS_STANDARD_INCLUDING_64_BIT)";
				CLANG_CXX_LANGUAGE_STANDARD = "gnu++0x";
				CLANG_CXX_LIBRARY = "libc++";
				CLANG_ENABLE_MODULES = YES;
				CLANG_ENABLE_OBJC_ARC = YES;
				CLANG_WARN_BOOL_CONVERSION = YES;
				CLANG_WARN_CONSTANT_CONVERSION = YES;
				CLANG_WARN_DIRECT_OBJC_ISA_USAGE = YES_ERROR;
				CLANG_WARN_EMPTY_BODY = YES;
				CLANG_WARN_ENUM_CONVERSION = YES;
				CLANG_WARN_INT_CONVERSION = YES;
				CLANG_WARN_OBJC_ROOT_CLASS = YES_ERROR;
				CLANG_WARN__DUPLICATE_METHOD_MATCH = YES;
				COPY_PHASE_STRIP = YES;
				ENABLE_NS_ASSERTIONS = NO;
				GCC_C_LANGUAGE_STANDARD = gnu99;
				GCC_WARN_64_TO_32_BIT_CONVERSION = YES;
				GCC_WARN_ABOUT_RETURN_TYPE = YES_ERROR;
				GCC_WARN_UNDECLARED_SELECTOR = YES;
				GCC_WARN_UNINITIALIZED_AUTOS = YES;
				GCC_WARN_UNUSED_FUNCTION = YES;
				GCC_WARN_UNUSED_VARIABLE = YES;
				IPHONEOS_DEPLOYMENT_TARGET = 7.0;
				SDKROOT = iphoneos;
				VALIDATE_PRODUCT = YES;
			};
			name = Release;
		};
		CC09E81318AE95FC00714B92 /* Debug */ = {
			isa = XCBuildConfiguration;
			baseConfigurationReference = D3926BF3D9314B25A0D67066 /* Pods-OCJiraFeedback.xcconfig */;
			buildSettings = {
				DSTROOT = /tmp/OCJiraFeedback.dst;
				GCC_PRECOMPILE_PREFIX_HEADER = YES;
				GCC_PREFIX_HEADER = "Resources/OCJiraFeedback-Prefix.pch";
				OTHER_LDFLAGS = "-ObjC";
				PRODUCT_NAME = "$(TARGET_NAME)";
				SKIP_INSTALL = YES;
			};
			name = Debug;
		};
		CC09E81418AE95FC00714B92 /* Release */ = {
			isa = XCBuildConfiguration;
			baseConfigurationReference = D3926BF3D9314B25A0D67066 /* Pods-OCJiraFeedback.xcconfig */;
			buildSettings = {
				DSTROOT = /tmp/OCJiraFeedback.dst;
				GCC_PRECOMPILE_PREFIX_HEADER = YES;
				GCC_PREFIX_HEADER = "Resources/OCJiraFeedback-Prefix.pch";
				OTHER_LDFLAGS = "-ObjC";
				PRODUCT_NAME = "$(TARGET_NAME)";
				SKIP_INSTALL = YES;
			};
			name = Release;
		};
		CC09E81618AE95FC00714B92 /* Debug */ = {
			isa = XCBuildConfiguration;
			baseConfigurationReference = E2374EFF6DDF4C4AAF51E226 /* Pods-OCJiraFeedbackTests.xcconfig */;
			buildSettings = {
				ARCHS = "$(ARCHS_STANDARD_INCLUDING_64_BIT)";
				FRAMEWORK_SEARCH_PATHS = (
					"$(SDKROOT)/Developer/Library/Frameworks",
					"$(inherited)",
					"$(DEVELOPER_FRAMEWORKS_DIR)",
				);
				GCC_PRECOMPILE_PREFIX_HEADER = YES;
				GCC_PREFIX_HEADER = "Resources/OCJiraFeedback-Prefix.pch";
				GCC_PREPROCESSOR_DEFINITIONS = (
					"DEBUG=1",
					"$(inherited)",
				);
				INFOPLIST_FILE = "Tests/OCJiraFeedbackTests-Info.plist";
				PRODUCT_NAME = "$(TARGET_NAME)";
				WRAPPER_EXTENSION = xctest;
			};
			name = Debug;
		};
		CC09E81718AE95FC00714B92 /* Release */ = {
			isa = XCBuildConfiguration;
			baseConfigurationReference = E2374EFF6DDF4C4AAF51E226 /* Pods-OCJiraFeedbackTests.xcconfig */;
			buildSettings = {
				ARCHS = "$(ARCHS_STANDARD_INCLUDING_64_BIT)";
				FRAMEWORK_SEARCH_PATHS = (
					"$(SDKROOT)/Developer/Library/Frameworks",
					"$(inherited)",
					"$(DEVELOPER_FRAMEWORKS_DIR)",
				);
				GCC_PRECOMPILE_PREFIX_HEADER = YES;
				GCC_PREFIX_HEADER = "Resources/OCJiraFeedback-Prefix.pch";
				INFOPLIST_FILE = "Tests/OCJiraFeedbackTests-Info.plist";
				PRODUCT_NAME = "$(TARGET_NAME)";
				WRAPPER_EXTENSION = xctest;
			};
			name = Release;
		};
/* End XCBuildConfiguration section */

/* Begin XCConfigurationList section */
		CC09E7EA18AE95FC00714B92 /* Build configuration list for PBXProject "OCJiraFeedback" */ = {
			isa = XCConfigurationList;
			buildConfigurations = (
				CC09E81018AE95FC00714B92 /* Debug */,
				CC09E81118AE95FC00714B92 /* Release */,
			);
			defaultConfigurationIsVisible = 0;
			defaultConfigurationName = Release;
		};
		CC09E81218AE95FC00714B92 /* Build configuration list for PBXNativeTarget "OCJiraFeedback" */ = {
			isa = XCConfigurationList;
			buildConfigurations = (
				CC09E81318AE95FC00714B92 /* Debug */,
				CC09E81418AE95FC00714B92 /* Release */,
			);
			defaultConfigurationIsVisible = 0;
			defaultConfigurationName = Release;
		};
		CC09E81518AE95FC00714B92 /* Build configuration list for PBXNativeTarget "OCJiraFeedbackTests" */ = {
			isa = XCConfigurationList;
			buildConfigurations = (
				CC09E81618AE95FC00714B92 /* Debug */,
				CC09E81718AE95FC00714B92 /* Release */,
			);
			defaultConfigurationIsVisible = 0;
			defaultConfigurationName = Release;
		};
/* End XCConfigurationList section */
	};
	rootObject = CC09E7E718AE95FC00714B92 /* Project object */;
}
